
Microsoft Visual Studio Solution File, Format Version 12.00
# Visual Studio Version 16
VisualStudioVersion = 16.0.30503.244
MinimumVisualStudioVersion = 10.0.40219.1
Project("{FAE04EC0-301F-11D3-BF4B-00C04F79EFBC}") = "HotelReservationSystem", "HotelReservationSystem.csproj", "{011C9E23-3245-4FD9-BD16-217B23C7DE8F}"
EndProject
Global
	GlobalSection(SolutionConfigurationPlatforms) = preSolution
		Debug|Any CPU = Debug|Any CPU
		Release|Any CPU = Release|Any CPU
	EndGlobalSection
	GlobalSection(ProjectConfigurationPlatforms) = postSolution
		{011C9E23-3245-4FD9-BD16-217B23C7DE8F}.Debug|Any CPU.ActiveCfg = Debug|Any CPU
		{011C9E23-3245-4FD9-BD16-217B23C7DE8F}.Debug|Any CPU.Build.0 = Debug|Any CPU
		{011C9E23-3245-4FD9-BD16-217B23C7DE8F}.Release|Any CPU.ActiveCfg = Release|Any CPU
		{011C9E23-3245-4FD9-BD16-217B23C7DE8F}.Release|Any CPU.Build.0 = Release|Any CPU
	EndGlobalSection
	GlobalSection(SolutionProperties) = preSolution
		HideSolutionNode = FALSE
	EndGlobalSection
	GlobalSection(ExtensibilityGlobals) = postSolution
		SolutionGuid = {15B01BC3-3BBD-4CF3-AF3B-79990A0C33F7}
	EndGlobalSection
EndGlobal
